
Microsoft Visual Studio Solution File, Format Version 9.00
# Visual Studio 2005
Project("{8BC9CEB8-8B4A-11D0-8D11-00A0C91BC942}") = "libAimmsIpopt", "libAimmsIpopt.vcproj", "{41864483-006D-46DA-863B-2F6BF0E48C2F}"
EndProject
Global
	GlobalSection(SolutionConfigurationPlatforms) = preSolution
		Debug|Win32 = Debug|Win32
		Debug|x64 = Debug|x64
		Release|Win32 = Release|Win32
		Release|x64 = Release|x64
	EndGlobalSection
	GlobalSection(ProjectConfigurationPlatforms) = postSolution
		{41864483-006D-46DA-863B-2F6BF0E48C2F}.Debug|Win32.ActiveCfg = Debug|Win32
		{41864483-006D-46DA-863B-2F6BF0E48C2F}.Debug|Win32.Build.0 = Debug|Win32
		{41864483-006D-46DA-863B-2F6BF0E48C2F}.Debug|x64.ActiveCfg = Debug|x64
		{41864483-006D-46DA-863B-2F6BF0E48C2F}.Debug|x64.Build.0 = Debug|x64
		{41864483-006D-46DA-863B-2F6BF0E48C2F}.Release|Win32.ActiveCfg = Release|Win32
		{41864483-006D-46DA-863B-2F6BF0E48C2F}.Release|Win32.Build.0 = Release|Win32
		{41864483-006D-46DA-863B-2F6BF0E48C2F}.Release|x64.ActiveCfg = Release|x64
		{41864483-006D-46DA-863B-2F6BF0E48C2F}.Release|x64.Build.0 = Release|x64
	EndGlobalSection
	GlobalSection(SolutionProperties) = preSolution
		HideSolutionNode = FALSE
	EndGlobalSection
EndGlobal
